
Microsoft Visual Studio Solution File, Format Version 12.00
# Visual Studio Version 17
VisualStudioVersion = 17.7.34031.279
MinimumVisualStudioVersion = 10.0.40219.1
Project("{FAE04EC0-301F-11D3-BF4B-00C04F79EFBC}") = "E-Ticarett", "E-Ticarett\E-Ticarett.csproj", "{2C4B3C9B-5234-4528-9C5C-30012648111E}"
EndProject
Global
	GlobalSection(SolutionConfigurationPlatforms) = preSolution
		Debug|Any CPU = Debug|Any CPU
		Release|Any CPU = Release|Any CPU
	EndGlobalSection
	GlobalSection(ProjectConfigurationPlatforms) = postSolution
		{2C4B3C9B-5234-4528-9C5C-30012648111E}.Debug|Any CPU.ActiveCfg = Debug|Any CPU
		{2C4B3C9B-5234-4528-9C5C-30012648111E}.Debug|Any CPU.Build.0 = Debug|Any CPU
		{2C4B3C9B-5234-4528-9C5C-30012648111E}.Release|Any CPU.ActiveCfg = Release|Any CPU
		{2C4B3C9B-5234-4528-9C5C-30012648111E}.Release|Any CPU.Build.0 = Release|Any CPU
	EndGlobalSection
	GlobalSection(SolutionProperties) = preSolution
		HideSolutionNode = FALSE
	EndGlobalSection
	GlobalSection(ExtensibilityGlobals) = postSolution
		SolutionGuid = {671042F1-694E-4112-A25F-90560F676E95}
	EndGlobalSection
EndGlobal
